
Microsoft Visual Studio Solution File, Format Version 12.00
Project("{FAE04EC0-301F-11D3-BF4B-00C04F79EFBC}") = "XirzoDIContainer", "XirzoDIContainer\XirzoDIContainer.csproj", "{4F3DEE40-8827-4C0E-8DCD-DE0DE1996A22}"
EndProject
Project("{FAE04EC0-301F-11D3-BF4B-00C04F79EFBC}") = "XirzoDIContainer.Tests", "XirzoDIContainer.Tests\XirzoDIContainer.Tests.csproj", "{7A7C4F93-E6CF-477E-9B48-785B1B363BD6}"
EndProject
Project("{FAE04EC0-301F-11D3-BF4B-00C04F79EFBC}") = "XirzoResult", "..\XirzoResult\XirzoResult\XirzoResult.csproj", "{236D503B-44C9-4567-9526-BA39EE3528C3}"
EndProject
Global
	GlobalSection(SolutionConfigurationPlatforms) = preSolution
		Debug|Any CPU = Debug|Any CPU
		Release|Any CPU = Release|Any CPU
	EndGlobalSection
	GlobalSection(ProjectConfigurationPlatforms) = postSolution
		{4F3DEE40-8827-4C0E-8DCD-DE0DE1996A22}.Debug|Any CPU.ActiveCfg = Debug|Any CPU
		{4F3DEE40-8827-4C0E-8DCD-DE0DE1996A22}.Debug|Any CPU.Build.0 = Debug|Any CPU
		{4F3DEE40-8827-4C0E-8DCD-DE0DE1996A22}.Release|Any CPU.ActiveCfg = Release|Any CPU
		{4F3DEE40-8827-4C0E-8DCD-DE0DE1996A22}.Release|Any CPU.Build.0 = Release|Any CPU
		{7A7C4F93-E6CF-477E-9B48-785B1B363BD6}.Debug|Any CPU.ActiveCfg = Debug|Any CPU
		{7A7C4F93-E6CF-477E-9B48-785B1B363BD6}.Debug|Any CPU.Build.0 = Debug|Any CPU
		{7A7C4F93-E6CF-477E-9B48-785B1B363BD6}.Release|Any CPU.ActiveCfg = Release|Any CPU
		{7A7C4F93-E6CF-477E-9B48-785B1B363BD6}.Release|Any CPU.Build.0 = Release|Any CPU
		{236D503B-44C9-4567-9526-BA39EE3528C3}.Debug|Any CPU.ActiveCfg = Debug|Any CPU
		{236D503B-44C9-4567-9526-BA39EE3528C3}.Debug|Any CPU.Build.0 = Debug|Any CPU
		{236D503B-44C9-4567-9526-BA39EE3528C3}.Release|Any CPU.ActiveCfg = Release|Any CPU
		{236D503B-44C9-4567-9526-BA39EE3528C3}.Release|Any CPU.Build.0 = Release|Any CPU
	EndGlobalSection
EndGlobal
